
Microsoft Visual Studio Solution File, Format Version 12.00
# Visual Studio 14
VisualStudioVersion = 14.0.23107.0
MinimumVisualStudioVersion = 10.0.40219.1
Project("{FAE04EC0-301F-11D3-BF4B-00C04F79EFBC}") = "SimpleBlog", "SimpleBlog\SimpleBlog.csproj", "{7C5D4C29-F47E-42A0-9A4D-8A60C248C45C}"
EndProject
Project("{FAE04EC0-301F-11D3-BF4B-00C04F79EFBC}") = "SimpleBlog.Tests", "SimpleBlog.Tests\SimpleBlog.Tests.csproj", "{B7F4AF30-E651-45C7-9C88-F808797B4D17}"
EndProject
Global
	GlobalSection(SolutionConfigurationPlatforms) = preSolution
		Debug|Any CPU = Debug|Any CPU
		Release|Any CPU = Release|Any CPU
	EndGlobalSection
	GlobalSection(ProjectConfigurationPlatforms) = postSolution
		{7C5D4C29-F47E-42A0-9A4D-8A60C248C45C}.Debug|Any CPU.ActiveCfg = Debug|Any CPU
		{7C5D4C29-F47E-42A0-9A4D-8A60C248C45C}.Debug|Any CPU.Build.0 = Debug|Any CPU
		{7C5D4C29-F47E-42A0-9A4D-8A60C248C45C}.Release|Any CPU.ActiveCfg = Release|Any CPU
		{7C5D4C29-F47E-42A0-9A4D-8A60C248C45C}.Release|Any CPU.Build.0 = Release|Any CPU
		{B7F4AF30-E651-45C7-9C88-F808797B4D17}.Debug|Any CPU.ActiveCfg = Debug|Any CPU
		{B7F4AF30-E651-45C7-9C88-F808797B4D17}.Debug|Any CPU.Build.0 = Debug|Any CPU
		{B7F4AF30-E651-45C7-9C88-F808797B4D17}.Release|Any CPU.ActiveCfg = Release|Any CPU
		{B7F4AF30-E651-45C7-9C88-F808797B4D17}.Release|Any CPU.Build.0 = Release|Any CPU
	EndGlobalSection
	GlobalSection(SolutionProperties) = preSolution
		HideSolutionNode = FALSE
	EndGlobalSection
EndGlobal
